
Microsoft Visual Studio Solution File, Format Version 12.00
# Visual Studio Version 16
VisualStudioVersion = 16.0.29806.167
MinimumVisualStudioVersion = 10.0.40219.1
Project("{2150E333-8FDC-42A3-9474-1A3956D46DE8}") = "Assets", "Assets", "{9F3F4BC4-BC5A-4E9A-8D4C-770AA7694FF6}"
EndProject
Project("{FAE04EC0-301F-11D3-BF4B-00C04F79EFBC}") = "Explorer.Assets.ViewModels", "Assets\Explorer.Assets.ViewModels\Explorer.Assets.ViewModels.csproj", "{2B0F397B-A822-414A-984C-B50284FE6B83}"
EndProject
Project("{2150E333-8FDC-42A3-9474-1A3956D46DE8}") = "WPF", "WPF", "{E841FCFF-3653-4177-A712-8C4A5BAF931A}"
EndProject
Project("{FAE04EC0-301F-11D3-BF4B-00C04F79EFBC}") = "Explorer.WPF.UI", "WPF\Explorer.WPF.UI\Explorer.WPF.UI.csproj", "{28AAF89D-92C5-4421-A740-F592ABF81F42}"
	ProjectSection(ProjectDependencies) = postProject
		{2B0F397B-A822-414A-984C-B50284FE6B83} = {2B0F397B-A822-414A-984C-B50284FE6B83}
	EndProjectSection
EndProject
Global
	GlobalSection(SolutionConfigurationPlatforms) = preSolution
		Debug|Any CPU = Debug|Any CPU
		Release|Any CPU = Release|Any CPU
	EndGlobalSection
	GlobalSection(ProjectConfigurationPlatforms) = postSolution
		{2B0F397B-A822-414A-984C-B50284FE6B83}.Debug|Any CPU.ActiveCfg = Debug|Any CPU
		{2B0F397B-A822-414A-984C-B50284FE6B83}.Debug|Any CPU.Build.0 = Debug|Any CPU
		{2B0F397B-A822-414A-984C-B50284FE6B83}.Release|Any CPU.ActiveCfg = Release|Any CPU
		{2B0F397B-A822-414A-984C-B50284FE6B83}.Release|Any CPU.Build.0 = Release|Any CPU
		{28AAF89D-92C5-4421-A740-F592ABF81F42}.Debug|Any CPU.ActiveCfg = Debug|Any CPU
		{28AAF89D-92C5-4421-A740-F592ABF81F42}.Debug|Any CPU.Build.0 = Debug|Any CPU
		{28AAF89D-92C5-4421-A740-F592ABF81F42}.Release|Any CPU.ActiveCfg = Release|Any CPU
		{28AAF89D-92C5-4421-A740-F592ABF81F42}.Release|Any CPU.Build.0 = Release|Any CPU
	EndGlobalSection
	GlobalSection(SolutionProperties) = preSolution
		HideSolutionNode = FALSE
	EndGlobalSection
	GlobalSection(NestedProjects) = preSolution
		{2B0F397B-A822-414A-984C-B50284FE6B83} = {9F3F4BC4-BC5A-4E9A-8D4C-770AA7694FF6}
		{28AAF89D-92C5-4421-A740-F592ABF81F42} = {E841FCFF-3653-4177-A712-8C4A5BAF931A}
	EndGlobalSection
	GlobalSection(ExtensibilityGlobals) = postSolution
		SolutionGuid = {8912DCDA-9DDC-47CB-A841-11C6F986D68C}
	EndGlobalSection
EndGlobal
